
Microsoft Visual Studio Solution File, Format Version 12.00
# Visual Studio 2013
VisualStudioVersion = 12.0.40629.0
MinimumVisualStudioVersion = 10.0.40219.1
Project("{FAE04EC0-301F-11D3-BF4B-00C04F79EFBC}") = "ThermalTalk", "ThermalTalk\ThermalTalk.csproj", "{1C8B96D3-E723-4B9C-8884-3449C26384FB}"
EndProject
Project("{FAE04EC0-301F-11D3-BF4B-00C04F79EFBC}") = "ThermalTalk.Test", "ThermalTalk.Test\ThermalTalk.Test.csproj", "{8EDF4429-251A-416D-BB68-93F227191BCF}"
EndProject
Project("{FAE04EC0-301F-11D3-BF4B-00C04F79EFBC}") = "ThermalTalk.Imaging", "ThermalTalk.Imaging\ThermalTalk.Imaging.csproj", "{5440263F-5089-4050-9689-B2060192707E}"
EndProject
Project("{FAE04EC0-301F-11D3-BF4B-00C04F79EFBC}") = "ThermalTalk.Imaging.Test", "ThermalTalk.Imaging.Test\ThermalTalk.Imaging.Test.csproj", "{56E7C431-933E-409E-AA4A-156C3790C6B5}"
EndProject
Project("{FAE04EC0-301F-11D3-BF4B-00C04F79EFBC}") = "ThermalConsole", "ThermalConsole\ThermalConsole.csproj", "{CCB36955-595F-4003-81CB-D7A3121B67D9}"
EndProject
Project("{2150E333-8FDC-42A3-9474-1A3956D46DE8}") = "nuget", "nuget", "{1634B50E-C67D-4491-97BA-E0A14451DFC1}"
	ProjectSection(SolutionItems) = preProject
		CHANGELOG.md = CHANGELOG.md
		CONTRIBUTING.md = CONTRIBUTING.md
		nuget\deploy.ps1 = nuget\deploy.ps1
		README.md = README.md
		ThermalTalk.Imaging\ThermalTalk.Imaging.nuspec = ThermalTalk.Imaging\ThermalTalk.Imaging.nuspec
		ThermalTalk\ThermalTalk.nuspec = ThermalTalk\ThermalTalk.nuspec
	EndProjectSection
EndProject
Project("{FAE04EC0-301F-11D3-BF4B-00C04F79EFBC}") = "ThermalTalk.QueryStatus", "ThermalTalk.QueryStatus\ThermalTalk.QueryStatus.csproj", "{87F96A82-C0C4-4C57-8FA4-A3C8A94BE01A}"
EndProject
Project("{FAE04EC0-301F-11D3-BF4B-00C04F79EFBC}") = "ThermalTalk.BarcodePrinting", "ThermalTalk.BarcodePrinting\ThermalTalk.BarcodePrinting.csproj", "{4C36A898-6E31-4901-B1C8-E2B3AC53AF71}"
EndProject
Project("{FAE04EC0-301F-11D3-BF4B-00C04F79EFBC}") = "ThermalTalk.TitleAlignment", "ThermalTalk.TitleAlignment\ThermalTalk.TitleAlignment.csproj", "{777C83E8-081C-4A16-96E2-D4DFC142B259}"
EndProject
Global
	GlobalSection(SolutionConfigurationPlatforms) = preSolution
		Debug|Any CPU = Debug|Any CPU
		Debug|Mixed Platforms = Debug|Mixed Platforms
		Debug|x64 = Debug|x64
		Release|Any CPU = Release|Any CPU
		Release|Mixed Platforms = Release|Mixed Platforms
		Release|x64 = Release|x64
	EndGlobalSection
	GlobalSection(ProjectConfigurationPlatforms) = postSolution
		{1C8B96D3-E723-4B9C-8884-3449C26384FB}.Debug|Any CPU.ActiveCfg = Debug|Any CPU
		{1C8B96D3-E723-4B9C-8884-3449C26384FB}.Debug|Any CPU.Build.0 = Debug|Any CPU
		{1C8B96D3-E723-4B9C-8884-3449C26384FB}.Debug|Mixed Platforms.ActiveCfg = Debug|Any CPU
		{1C8B96D3-E723-4B9C-8884-3449C26384FB}.Debug|Mixed Platforms.Build.0 = Debug|Any CPU
		{1C8B96D3-E723-4B9C-8884-3449C26384FB}.Release|Any CPU.ActiveCfg = Release|Any CPU
		{1C8B96D3-E723-4B9C-8884-3449C26384FB}.Release|Any CPU.Build.0 = Release|Any CPU
		{1C8B96D3-E723-4B9C-8884-3449C26384FB}.Release|Mixed Platforms.ActiveCfg = Release|Any CPU
		{1C8B96D3-E723-4B9C-8884-3449C26384FB}.Release|Mixed Platforms.Build.0 = Release|Any CPU
		{8EDF4429-251A-416D-BB68-93F227191BCF}.Debug|Any CPU.ActiveCfg = Debug|Any CPU
		{8EDF4429-251A-416D-BB68-93F227191BCF}.Debug|Any CPU.Build.0 = Debug|Any CPU
		{8EDF4429-251A-416D-BB68-93F227191BCF}.Debug|Mixed Platforms.ActiveCfg = Debug|Any CPU
		{8EDF4429-251A-416D-BB68-93F227191BCF}.Debug|Mixed Platforms.Build.0 = Debug|Any CPU
		{8EDF4429-251A-416D-BB68-93F227191BCF}.Debug|x64.ActiveCfg = Debug|x64
		{8EDF4429-251A-416D-BB68-93F227191BCF}.Debug|x64.Build.0 = Debug|x64
		{8EDF4429-251A-416D-BB68-93F227191BCF}.Release|Any CPU.ActiveCfg = Release|Any CPU
		{8EDF4429-251A-416D-BB68-93F227191BCF}.Release|Any CPU.Build.0 = Release|Any CPU
		{8EDF4429-251A-416D-BB68-93F227191BCF}.Release|Mixed Platforms.ActiveCfg = Release|Any CPU
		{8EDF4429-251A-416D-BB68-93F227191BCF}.Release|Mixed Platforms.Build.0 = Release|Any CPU
		{8EDF4429-251A-416D-BB68-93F227191BCF}.Release|x64.ActiveCfg = Release|x64
		{8EDF4429-251A-416D-BB68-93F227191BCF}.Release|x64.Build.0 = Release|x64
		{5440263F-5089-4050-9689-B2060192707E}.Debug|Any CPU.ActiveCfg = Debug|Any CPU
		{5440263F-5089-4050-9689-B2060192707E}.Debug|Any CPU.Build.0 = Debug|Any CPU
		{5440263F-5089-4050-9689-B2060192707E}.Debug|Mixed Platforms.ActiveCfg = Debug|Any CPU
		{5440263F-5089-4050-9689-B2060192707E}.Debug|Mixed Platforms.Build.0 = Debug|Any CPU
		{5440263F-5089-4050-9689-B2060192707E}.Debug|x64.ActiveCfg = Debug|x64
		{5440263F-5089-4050-9689-B2060192707E}.Debug|x64.Build.0 = Debug|x64
		{5440263F-5089-4050-9689-B2060192707E}.Release|Any CPU.ActiveCfg = Release|Any CPU
		{5440263F-5089-4050-9689-B2060192707E}.Release|Any CPU.Build.0 = Release|Any CPU
		{5440263F-5089-4050-9689-B2060192707E}.Release|Mixed Platforms.ActiveCfg = Release|Any CPU
		{5440263F-5089-4050-9689-B2060192707E}.Release|Mixed Platforms.Build.0 = Release|Any CPU
		{5440263F-5089-4050-9689-B2060192707E}.Release|x64.ActiveCfg = Release|x64
		{5440263F-5089-4050-9689-B2060192707E}.Release|x64.Build.0 = Release|x64
		{56E7C431-933E-409E-AA4A-156C3790C6B5}.Debug|Any CPU.ActiveCfg = Debug|Any CPU
		{56E7C431-933E-409E-AA4A-156C3790C6B5}.Debug|Any CPU.Build.0 = Debug|Any CPU
		{56E7C431-933E-409E-AA4A-156C3790C6B5}.Debug|Mixed Platforms.ActiveCfg = Debug|Any CPU
		{56E7C431-933E-409E-AA4A-156C3790C6B5}.Debug|Mixed Platforms.Build.0 = Debug|Any CPU
		{56E7C431-933E-409E-AA4A-156C3790C6B5}.Debug|x64.ActiveCfg = Debug|x64
		{56E7C431-933E-409E-AA4A-156C3790C6B5}.Debug|x64.Build.0 = Debug|x64
		{56E7C431-933E-409E-AA4A-156C3790C6B5}.Release|Any CPU.ActiveCfg = Release|Any CPU
		{56E7C431-933E-409E-AA4A-156C3790C6B5}.Release|Any CPU.Build.0 = Release|Any CPU
		{56E7C431-933E-409E-AA4A-156C3790C6B5}.Release|Mixed Platforms.ActiveCfg = Release|Any CPU
		{56E7C431-933E-409E-AA4A-156C3790C6B5}.Release|Mixed Platforms.Build.0 = Release|Any CPU
		{56E7C431-933E-409E-AA4A-156C3790C6B5}.Release|x64.ActiveCfg = Release|Any CPU
		{CCB36955-595F-4003-81CB-D7A3121B67D9}.Debug|Any CPU.ActiveCfg = Debug|Any CPU
		{CCB36955-595F-4003-81CB-D7A3121B67D9}.Debug|Any CPU.Build.0 = Debug|Any CPU
		{CCB36955-595F-4003-81CB-D7A3121B67D9}.Debug|Mixed Platforms.ActiveCfg = Debug|Any CPU
		{CCB36955-595F-4003-81CB-D7A3121B67D9}.Debug|Mixed Platforms.Build.0 = Debug|Any CPU
		{CCB36955-595F-4003-81CB-D7A3121B67D9}.Debug|x64.ActiveCfg = Debug|x64
		{CCB36955-595F-4003-81CB-D7A3121B67D9}.Debug|x64.Build.0 = Debug|x64
		{CCB36955-595F-4003-81CB-D7A3121B67D9}.Release|Any CPU.ActiveCfg = Release|Any CPU
		{CCB36955-595F-4003-81CB-D7A3121B67D9}.Release|Any CPU.Build.0 = Release|Any CPU
		{CCB36955-595F-4003-81CB-D7A3121B67D9}.Release|Mixed Platforms.ActiveCfg = Release|Any CPU
		{CCB36955-595F-4003-81CB-D7A3121B67D9}.Release|Mixed Platforms.Build.0 = Release|Any CPU
		{CCB36955-595F-4003-81CB-D7A3121B67D9}.Release|x64.ActiveCfg = Release|Any CPU
		{87F96A82-C0C4-4C57-8FA4-A3C8A94BE01A}.Debug|Any CPU.ActiveCfg = Debug|Any CPU
		{87F96A82-C0C4-4C57-8FA4-A3C8A94BE01A}.Debug|Any CPU.Build.0 = Debug|Any CPU
		{87F96A82-C0C4-4C57-8FA4-A3C8A94BE01A}.Debug|Mixed Platforms.ActiveCfg = Debug|Any CPU
		{87F96A82-C0C4-4C57-8FA4-A3C8A94BE01A}.Debug|Mixed Platforms.Build.0 = Debug|Any CPU
		{87F96A82-C0C4-4C57-8FA4-A3C8A94BE01A}.Debug|x64.ActiveCfg = Debug|Any CPU
		{87F96A82-C0C4-4C57-8FA4-A3C8A94BE01A}.Debug|x64.Build.0 = Debug|Any CPU
		{87F96A82-C0C4-4C57-8FA4-A3C8A94BE01A}.Release|Any CPU.ActiveCfg = Release|Any CPU
		{87F96A82-C0C4-4C57-8FA4-A3C8A94BE01A}.Release|Any CPU.Build.0 = Release|Any CPU
		{87F96A82-C0C4-4C57-8FA4-A3C8A94BE01A}.Release|Mixed Platforms.ActiveCfg = Release|Any CPU
		{87F96A82-C0C4-4C57-8FA4-A3C8A94BE01A}.Release|Mixed Platforms.Build.0 = Release|Any CPU
		{87F96A82-C0C4-4C57-8FA4-A3C8A94BE01A}.Release|x64.ActiveCfg = Release|Any CPU
		{87F96A82-C0C4-4C57-8FA4-A3C8A94BE01A}.Release|x64.Build.0 = Release|Any CPU
		{4C36A898-6E31-4901-B1C8-E2B3AC53AF71}.Debug|Any CPU.ActiveCfg = Debug|Any CPU
		{4C36A898-6E31-4901-B1C8-E2B3AC53AF71}.Debug|Any CPU.Build.0 = Debug|Any CPU
		{4C36A898-6E31-4901-B1C8-E2B3AC53AF71}.Debug|Mixed Platforms.ActiveCfg = Debug|Any CPU
		{4C36A898-6E31-4901-B1C8-E2B3AC53AF71}.Debug|Mixed Platforms.Build.0 = Debug|Any CPU
		{4C36A898-6E31-4901-B1C8-E2B3AC53AF71}.Debug|x64.ActiveCfg = Debug|Any CPU
		{4C36A898-6E31-4901-B1C8-E2B3AC53AF71}.Debug|x64.Build.0 = Debug|Any CPU
		{4C36A898-6E31-4901-B1C8-E2B3AC53AF71}.Release|Any CPU.ActiveCfg = Release|Any CPU
		{4C36A898-6E31-4901-B1C8-E2B3AC53AF71}.Release|Any CPU.Build.0 = Release|Any CPU
		{4C36A898-6E31-4901-B1C8-E2B3AC53AF71}.Release|Mixed Platforms.ActiveCfg = Release|Any CPU
		{4C36A898-6E31-4901-B1C8-E2B3AC53AF71}.Release|Mixed Platforms.Build.0 = Release|Any CPU
		{4C36A898-6E31-4901-B1C8-E2B3AC53AF71}.Release|x64.ActiveCfg = Release|Any CPU
		{4C36A898-6E31-4901-B1C8-E2B3AC53AF71}.Release|x64.Build.0 = Release|Any CPU
		{777C83E8-081C-4A16-96E2-D4DFC142B259}.Debug|Any CPU.ActiveCfg = Debug|Any CPU
		{777C83E8-081C-4A16-96E2-D4DFC142B259}.Debug|Any CPU.Build.0 = Debug|Any CPU
		{777C83E8-081C-4A16-96E2-D4DFC142B259}.Debug|Mixed Platforms.ActiveCfg = Debug|Any CPU
		{777C83E8-081C-4A16-96E2-D4DFC142B259}.Debug|Mixed Platforms.Build.0 = Debug|Any CPU
		{777C83E8-081C-4A16-96E2-D4DFC142B259}.Debug|x64.ActiveCfg = Debug|Any CPU
		{777C83E8-081C-4A16-96E2-D4DFC142B259}.Debug|x64.Build.0 = Debug|Any CPU
		{777C83E8-081C-4A16-96E2-D4DFC142B259}.Release|Any CPU.ActiveCfg = Release|Any CPU
		{777C83E8-081C-4A16-96E2-D4DFC142B259}.Release|Any CPU.Build.0 = Release|Any CPU
		{777C83E8-081C-4A16-96E2-D4DFC142B259}.Release|Mixed Platforms.ActiveCfg = Release|Any CPU
		{777C83E8-081C-4A16-96E2-D4DFC142B259}.Release|Mixed Platforms.Build.0 = Release|Any CPU
		{777C83E8-081C-4A16-96E2-D4DFC142B259}.Release|x64.ActiveCfg = Release|Any CPU
		{777C83E8-081C-4A16-96E2-D4DFC142B259}.Release|x64.Build.0 = Release|Any CPU
	EndGlobalSection
	GlobalSection(SolutionProperties) = preSolution
		HideSolutionNode = FALSE
	EndGlobalSection
EndGlobal
